{
  "name": "react-example",
  "version": "0.0.0",
  "lockfileVersion": 3,
  "requires": true,
  "packages": {
    "": {
      "name": "react-example",
      "version": "0.0.0",
      "dependencies": {
        "@google/genai": "^1.29.0",
        "@tailwindcss/vite": "^4.1.14",
        "@vitejs/plugin-react": "^5.0.4",
        "lucide-react": "^0.546.0",
        "motion": "^12.23.24",
        "react": "^19.0.0",
        "react-dom": "^19.0.0",
        "vite": "^6.2.0",
        "express": "^4.21.2",
        "dotenv": "^17.2.3"
      },
      "devDependencies": {
        "@types/node": "^22.14.0",
        "@types/express": "^4.17.21",
        "autoprefixer": "^10.4.21",
        "tailwindcss": "^4.1.14",
        "tsx": "^4.21.0",
        "typescript": "~5.8.2"
      }
    },
    "node_modules/@colors/colors": {
      "version": "1.6.0",
      "resolved": "https://registry.npmjs.org/@colors/colors/-/colors-1.6.0.tgz",
      "integrity": "sha512-ORtvyYvXKMcs0qG0LEEMlirjq5M+ikMH146IzVD0s/D48H4gPCR5/O3jjMKLXO9lzB6+3PgKLWD9i2S8E8+sSw==",
      "engines": {
        "node": ">=0.1.90"
      },
      "funding": {
        "url": "https://github.com/Marak/colors.js"
      }
    },
    "node_modules/@google/generative-ai": {
      "version": "0.21.0",
      "resolved": "https://registry.npmjs.org/@google/generative-ai/-/generative-ai-0.21.0.tgz",
      "integrity": "sha512-bNEjCbmZnWn6HFJ9PvXEbhLnQfnqhD/6iXIdQIk7P5J/pSTZm/rAITBCsOIxH8IjTRjLUscK5UcKKEq6P3SBKg==",
      "license": "Apache-2.0"
    },
    "node_modules/@google/genai": {
      "version": "1.29.0",
      "resolved": "https://registry.npmjs.org/@google/genai/-/genai-1.29.0.tgz",
      "integrity": "sha512-fqaImUdGH7RrDJcGGfWL8r2T3/yrZLy4YGxN+FzLOq3hDvmxZ9j7dxTwbzL1PiJEkQvBP4YaKh4zFjvjCNHN1g==",
      "license": "Apache-2.0",
      "dependencies": {
        "@google/generative-ai": "^0.21.0"
      }
    },
    "node_modules/@jridgewell/gen-mapping": {
      "version": "0.3.5",
      "resolved": "https://registry.npmjs.org/@jridgewell/gen-mapping/-/gen-mapping-0.3.5.tgz",
      "integrity": "sha512-IzL8ZoEDIBRWEzlCcRhOaCupYyN5gdIK+Q6fbNl+fZksl3fHq/snmvH7UYecS3FGrpo6g0suJecIndvG3JnPkg==",
      "engines": {
        "node": ">=6.0.0"
      }
    },
    "node_modules/@jridgewell/resolve-uri": {
      "version": "3.1.2",
      "resolved": "https://registry.npmjs.org/@jridgewell/resolve-uri/-/resolve-uri-3.1.2.tgz",
      "integrity": "sha512-bRISgCIjP20/tbWSPWMEi54QVPRZExkuD9lJL+UIxUKtwVJA8wW1Trb1jMs1RFXo1CBTNZ/5hpC9QvmKWdopKw==",
      "engines": {
        "node": ">=6.0.0"
      }
    },
    "node_modules/@jridgewell/sourcemap-codec": {
      "version": "1.5.0",
      "resolved": "https://registry.npmjs.org/@jridgewell/sourcemap-codec/-/sourcemap-codec-1.5.0.tgz",
      "integrity": "sha512-gv3ZRaISLMsVknbZkMZrL9ZCvtP12wvPR21hEMtr6qNh6WQx60lrLQwIxQ27JkhasFLhKsrj/OXEIKrsRn02vQ=="
    },
    "node_modules/@jridgewell/trace-mapping": {
      "version": "0.3.25",
      "resolved": "https://registry.npmjs.org/@jridgewell/trace-mapping/-/trace-mapping-0.3.25.tgz",
      "integrity": "sha512-vNk6aEwybGtawWmy/PzwnGDOjCkLWSD2d7CVMm7ts3kEaQ6qrcQsdQtUrzYvztkQGvRJvWyQ3dVrcLSFoQmiiVQ=="
    },
    "node_modules/@types/express": {
      "version": "4.17.21",
      "resolved": "https://registry.npmjs.org/@types/express/-/express-4.17.21.tgz",
      "integrity": "sha512-ejlPM6qOlR41mrgIB4aKYk5Z9qg8b0kOyHGENN9OH0tDVTt74ZkuWVxpKEj6uT0tphru41VI8LUX759qKalLa4g==",
      "dev": true,
      "dependencies": {
        "@types/body-parser": "*",
        "@types/express-serve-static-core": "^4.17.33",
        "@types/qs": "*",
        "@types/serve-static": "*"
      }
    },
    "node_modules/@types/node": {
      "version": "22.14.0",
      "resolved": "https://registry.npmjs.org/@types/node/-/node-22.14.0.tgz",
      "integrity": "sha512-S8wQN9lHcOcBPY4UXmMZbLYdAiXRp4+Dd0kf7KW3KiqlEqpzR3G+GFKvuiVYDe+gqf1gXJ/61PV4FVX8Tgbmrg==",
      "dev": true
    },
    "node_modules/@vitejs/plugin-react": {
      "version": "5.0.4",
      "resolved": "https://registry.npmjs.org/@vitejs/plugin-react/-/plugin-react-5.0.4.tgz",
      "integrity": "sha512-7INJnhMT4Y5WQkXzgMIWwRGMz+qWp/fmP4m7vLlJLPPBQf3JFbczh6cKj0f4fVbfUdTLqN9nqIBVVjJcDJD7FQ==",
      "engines": {
        "node": "^14.18.0 || >=16.0.0"
      },
      "peerDependencies": {
        "vite": "^5.2.0 || ^6"
      }
    },
    "node_modules/@tailwindcss/vite": {
      "version": "4.1.14",
      "resolved": "https://registry.npmjs.org/@tailwindcss/vite/-/vite-4.1.14.tgz",
      "integrity": "sha512-8GCdQdI6cEE8RO34t9pUoFe3hxTqgTg/cG5GpMb3CJDvCXJKBV2BjnKcKz2zJLWr0nYDZBIIqL2sZhDvBRm3eg==",
      "peerDependencies": {
        "tailwindcss": "4.x",
        "vite": "^5.2.0 || ^6 || ^7 || ^8"
      }
    },
    "node_modules/autoprefixer": {
      "version": "10.4.21",
      "resolved": "https://registry.npmjs.org/autoprefixer/-/autoprefixer-10.4.21.tgz",
      "integrity": "sha512-eTf8uO2tb3rXnIm7a7v1tRVqJW9BjFNJCRGfEaJC7x2ymVQ9gN1T76RaX5q5dFqLWD5FHiWWK4LHiLqXTiIXA==",
      "dev": true,
      "engines": {
        "node": "^10 || ^12 || >=14"
      }
    },
    "node_modules/dotenv": {
      "version": "17.2.3",
      "resolved": "https://registry.npmjs.org/dotenv/-/dotenv-17.2.3.tgz",
      "integrity": "sha512-FtqPqKQi77n3oBKr1fTrMN3t+xHb+kQRi9VTpgJ9riBMvxdkkPdZZnXjHn8xZJmB1ZL6cLwEqMRgd7gVcTxNXg==",
      "engines": {
        "node": ">=14.17.0"
      }
    },
    "node_modules/express": {
      "version": "4.21.2",
      "resolved": "https://registry.npmjs.org/express/-/express-4.21.2.tgz",
      "integrity": "sha512-28HqwMPVUmYE83eNVDJKlHi6tBbklMJgrtQul6O0xrcLzw+dkpe1NvCTSwpvo+/cnviQJqkV9a9vtG0LYPcC8Q==",
      "engines": {
        "node": ">=14.20.0"
      }
    },
    "node_modules/lucide-react": {
      "version": "0.546.0",
      "resolved": "https://registry.npmjs.org/lucide-react/-/lucide-react-0.546.0.tgz",
      "integrity": "sha512-VNc0xAm2L3l/Ug8l8WX5D1yz7nHlGOhQcHcVj8F1n2rN5c1t5DnqWUwTpP8b1IpEXJHvPSjBF9/k6OYEkWQOA==",
      "peerDependencies": {
        "react": "^16.5.1 || ^17.0.0 || ^18.0.0 || ^19.0.0"
      }
    },
    "node_modules/motion": {
      "version": "12.23.24",
      "resolved": "https://registry.npmjs.org/motion/-/motion-12.23.24.tgz",
      "integrity": "sha512-F9hDLmWFl5fMmStYhE1L2V3KPHJvRB5f5gx3p1pSJH6BvGaKLrBMRnvN6xJMZhVgwZqW0sLJZVMrxZVPZDvjQQ==",
      "engines": {
        "node": ">=18"
      }
    },
    "node_modules/react": {
      "version": "19.0.0",
      "resolved": "https://registry.npmjs.org/react/-/react-19.0.0.tgz",
      "integrity": "sha512-V8AVnHPvB2Xj+T6qbYW1E8q0wB/Pl2EJ1EiwCPb1x3G+iBCBLBn0F5YuSGBtGjWk/3EI3TF5iO5qWBqNmYBpw==",
      "engines": {
        "node": ">=14.20"
      }
    },
    "node_modules/react-dom": {
      "version": "19.0.0",
      "resolved": "https://registry.npmjs.org/react-dom/-/react-dom-19.0.0.tgz",
      "integrity": "sha512-+gvyFxaZMIvEb9Eymzzc+9P5fVfqLbXE6bw45cIqmMtCQwXVJvQaHCxHNHEZEWydsFzRrLVZG1iOMPwrn7yzVQ==",
      "engines": {
        "node": ">=14.20"
      }
    },
    "node_modules/tailwindcss": {
      "version": "4.1.14",
      "resolved": "https://registry.npmjs.org/tailwindcss/-/tailwindcss-4.1.14.tgz",
      "integrity": "sha512-sOVp+5Y1H3H8VK0CQZF7oY0s9Y4vEGWFmGHqEJn1GVONErmH8wLHFXM8bpNCwWMOWqSLKYjpHUE7V4HEXzJ4ew==",
      "engines": {
        "node": ">=18"
      }
    },
    "node_modules/tsx": {
      "version": "4.21.0",
      "resolved": "https://registry.npmjs.org/tsx/-/tsx-4.21.0.tgz",
      "integrity": "sha512-oDLvqI7Q2s+M2bJTsrbLPHYfXrjUWxQ9P3kxFhc+LXoFfP0vLhWKRVvfXvBG+y2W3zKlSB8KaZCWAUHX7Q3PGA==",
      "dev": true,
      "engines": {
        "node": ">=18.0.0"
      }
    },
    "node_modules/typescript": {
      "version": "5.8.2",
      "resolved": "https://registry.npmjs.org/typescript/-/typescript-5.8.2.tgz",
      "integrity": "sha512-N6XO3LDUdukMhsxjgLTwm7P8N1HAcZbVg3D2Yp2fDQnVSIpxxrBXQ//+DwAyybJUdL4xVFVrHHODO/tIz0PAw==",
      "dev": true,
      "engines": {
        "node": ">=14.17"
      },
      "bin": {
        "tsc": "bin/tsc",
        "tsserver": "bin/tsserver"
      }
    },
    "node_modules/vite": {
      "version": "6.2.0",
      "resolved": "https://registry.npmjs.org/vite/-/vite-6.2.0.tgz",
      "integrity": "sha512-tFzELEYjhEEBYL6DhCiR8IVczG8yw0mXh6MoK1JXH5IY7bhnJTvP5AZWzF2LvGrBDXfD1yZF7MjRfLMJBGrXA==",
      "engines": {
        "node": "^18.0.0 || >=20.0.0"
      }
    }
  }
}
